
Microsoft Visual Studio Solution File, Format Version 12.00
# Visual Studio 15
VisualStudioVersion = 15.0.27004.2005
MinimumVisualStudioVersion = 10.0.40219.1
Project("{FAE04EC0-301F-11D3-BF4B-00C04F79EFBC}") = "AngularEventProject", "AngularEventProject\AngularEventProject.csproj", "{AEC2753C-E8DD-4F5F-A5E4-CCD60AAD1200}"
EndProject
Global
	GlobalSection(SolutionConfigurationPlatforms) = preSolution
		Debug|Any CPU = Debug|Any CPU
		Release|Any CPU = Release|Any CPU
	EndGlobalSection
	GlobalSection(ProjectConfigurationPlatforms) = postSolution
		{AEC2753C-E8DD-4F5F-A5E4-CCD60AAD1200}.Debug|Any CPU.ActiveCfg = Debug|Any CPU
		{AEC2753C-E8DD-4F5F-A5E4-CCD60AAD1200}.Debug|Any CPU.Build.0 = Debug|Any CPU
		{AEC2753C-E8DD-4F5F-A5E4-CCD60AAD1200}.Release|Any CPU.ActiveCfg = Release|Any CPU
		{AEC2753C-E8DD-4F5F-A5E4-CCD60AAD1200}.Release|Any CPU.Build.0 = Release|Any CPU
	EndGlobalSection
	GlobalSection(SolutionProperties) = preSolution
		HideSolutionNode = FALSE
	EndGlobalSection
	GlobalSection(ExtensibilityGlobals) = postSolution
		SolutionGuid = {4E5289F8-6841-4B83-8E30-B5B75D5CEF41}
	EndGlobalSection
EndGlobal
